<?xml version="1.0" encoding="utf-8"?>
<Project ToolsVersion="4.0" xmlns="http://schemas.microsoft.com/developer/msbuild/2003">
  <ItemGroup>
    <Filter Include="Source Files">
      <UniqueIdentifier>{4FC737F1-C7A5-4376-A066-2A32D752A2FF}</UniqueIdentifier>
      <Extensions>cpp;c;cc;cxx;def;odl;idl;hpj;bat;asm;asmx</Extensions>
    </Filter>
    <Filter Include="Header Files">
      <UniqueIdentifier>{93995380-89BD-4b04-88EB-625FBE52EBFB}</UniqueIdentifier>
      <Extensions>h;hh;hpp;hxx;hm;inl;inc;xsd</Extensions>
    </Filter>
    <Filter Include="Resource Files">
      <UniqueIdentifier>{D9D6E242-F8AF-46E4-B9FD-80ECBC20BA3E}</UniqueIdentifier>
      <Extensions>qrc;*</Extensions>
      <ParseFiles>false</ParseFiles>
    </Filter>
    <Filter Include="Form Files">
      <UniqueIdentifier>{99349809-55BA-4b9d-BF79-8FDBB0286EB3}</UniqueIdentifier>
      <Extensions>ui</Extensions>
    </Filter>
    <Filter Include="Resource Files">
      <UniqueIdentifier>{D9D6E242-F8AF-46E4-B9FD-80ECBC20BA3E}</UniqueIdentifier>
      <Extensions>qrc;*</Extensions>
      <ParseFiles>false</ParseFiles>
    </Filter>
    <Filter Include="Generated Files">
      <UniqueIdentifier>{71ED8ED8-ACB9-4CE9-BBE1-E00B30144E11}</UniqueIdentifier>
      <Extensions>moc;h;cpp</Extensions>
      <SourceControlFiles>False</SourceControlFiles>
    </Filter>
  </ItemGroup>
  <ItemGroup>
    <ClCompile Include="main.cpp">
      <Filter>Source Files</Filter>
    </ClCompile>
    <ClCompile Include="HostFinder.cpp">
      <Filter>Source Files</Filter>
    </ClCompile>
    <ClCompile Include="HostViewWidget.cpp">
      <Filter>Source Files</Filter>
    </ClCompile>
    <ClCompile Include="PinholeConsole.cpp">
      <Filter>Source Files</Filter>
    </ClCompile>
    <ClCompile Include="HostConfigWidget.cpp">
      <Filter>Source Files</Filter>
    </ClCompile>
    <ClCompile Include="HostConfigGlobalsWidget.cpp">
      <Filter>Source Files</Filter>
    </ClCompile>
    <ClCompile Include="HostConfigAppsWidget.cpp">
      <Filter>Source Files</Filter>
    </ClCompile>
    <ClCompile Include="..\common\Utilities.cpp">
      <Filter>Source Files</Filter>
    </ClCompile>
    <ClCompile Include="HostConfigScheduleWidget.cpp">
      <Filter>Source Files</Filter>
    </ClCompile>
    <ClCompile Include="ScheduleEventOffsetWidget.cpp">
      <Filter>Source Files</Filter>
    </ClCompile>
    <ClCompile Include="HostScanDialog.cpp">
      <Filter>Source Files</Filter>
    </ClCompile>
    <ClCompile Include="HostAppWatchDialog.cpp">
      <Filter>Source Files</Filter>
    </ClCompile>
    <ClCompile Include="HostLogDialog.cpp">
      <Filter>Source Files</Filter>
    </ClCompile>
    <ClCompile Include="..\common\HostClient.cpp">
      <Filter>Source Files</Filter>
    </ClCompile>
    <ClCompile Include="ScreenviewDialog.cpp">
      <Filter>Source Files</Filter>
    </ClCompile>
    <ClCompile Include="HostConfigGroupsWidget.cpp">
      <Filter>Source Files</Filter>
    </ClCompile>
    <ClCompile Include="..\common\Utilities_Mac.cpp">
      <Filter>Source Files</Filter>
    </ClCompile>
    <ClCompile Include="..\common\Utilities_Win.cpp">
      <Filter>Source Files</Filter>
    </ClCompile>
    <ClCompile Include="AspectRatioLabel.cpp">
      <Filter>Source Files</Filter>
    </ClCompile>
    <ClCompile Include="FindTextDialog.cpp">
      <Filter>Source Files</Filter>
    </ClCompile>
    <ClCompile Include="TextViewerDialog.cpp">
      <Filter>Source Files</Filter>
    </ClCompile>
    <ClCompile Include="HostConfigAlertWidget.cpp">
      <Filter>Source Files</Filter>
    </ClCompile>
    <ClCompile Include="DateTimeStartStopDialog.cpp">
      <Filter>Source Files</Filter>
    </ClCompile>
    <ClCompile Include="CustomActionDialog.cpp">
      <Filter>Source Files</Filter>
    </ClCompile>
    <ClCompile Include="Global.cpp">
      <Filter>Source Files</Filter>
    </ClCompile>
    <ClCompile Include="WindowManager.cpp">
      <Filter>Source Files</Filter>
    </ClCompile>
    <ClCompile Include="ListWidgetEx.cpp">
      <Filter>Source Files</Filter>
    </ClCompile>
    <ClCompile Include="GuiUtil.cpp">
      <Filter>Source Files</Filter>
    </ClCompile>
    <ClCompile Include="..\common\Utilities_Linux.cpp">
      <Filter>Source Files</Filter>
    </ClCompile>
    <ClCompile Include="RemoteExecuteDialog.cpp">
      <Filter>Source Files</Filter>
    </ClCompile>
    <ClCompile Include="ImportFilterDialog.cpp">
      <Filter>Source Files</Filter>
    </ClCompile>
    <ClCompile Include="HostItem.cpp">
      <Filter>Source Files</Filter>
    </ClCompile>
    <ClCompile Include="StartAppVarsDialog.cpp">
      <Filter>Source Files</Filter>
    </ClCompile>
  </ItemGroup>
  <ItemGroup>
    <QtMoc Include="HostViewWidget.h">
      <Filter>Header Files</Filter>
    </QtMoc>
    <QtMoc Include="PinholeConsole.h">
      <Filter>Header Files</Filter>
    </QtMoc>
    <QtMoc Include="HostFinder.h">
      <Filter>Header Files</Filter>
    </QtMoc>
    <QtMoc Include="HostConfigWidget.h">
      <Filter>Header Files</Filter>
    </QtMoc>
    <QtMoc Include="HostConfigGlobalsWidget.h">
      <Filter>Header Files</Filter>
    </QtMoc>
    <QtMoc Include="HostConfigAppsWidget.h">
      <Filter>Header Files</Filter>
    </QtMoc>
    <QtMoc Include="HostConfigScheduleWidget.h">
      <Filter>Header Files</Filter>
    </QtMoc>
    <QtMoc Include="ScheduleEventOffsetWidget.h">
      <Filter>Header Files</Filter>
    </QtMoc>
    <QtMoc Include="HostScanDialog.h">
      <Filter>Header Files</Filter>
    </QtMoc>
    <QtMoc Include="HostAppWatchDialog.h">
      <Filter>Header Files</Filter>
    </QtMoc>
    <QtMoc Include="HostLogDialog.h">
      <Filter>Header Files</Filter>
    </QtMoc>
    <QtMoc Include="..\common\HostClient.h">
      <Filter>Header Files</Filter>
    </QtMoc>
    <QtMoc Include="ScreenviewDialog.h">
      <Filter>Header Files</Filter>
    </QtMoc>
    <QtMoc Include="HostConfigGroupsWidget.h">
      <Filter>Header Files</Filter>
    </QtMoc>
    <QtMoc Include="FindTextDialog.h">
      <Filter>Header Files</Filter>
    </QtMoc>
    <QtMoc Include="TextViewerDialog.h">
      <Filter>Header Files</Filter>
    </QtMoc>
    <QtMoc Include="HostConfigAlertWidget.h">
      <Filter>Header Files</Filter>
    </QtMoc>
    <QtMoc Include="DateTimeStartStopDialog.h">
      <Filter>Header Files</Filter>
    </QtMoc>
    <QtMoc Include="ItemDelegateNoFocusRect.h">
      <Filter>Header Files</Filter>
    </QtMoc>
    <QtMoc Include="CustomActionDialog.h">
      <Filter>Header Files</Filter>
    </QtMoc>
    <QtMoc Include="WindowManager.h">
      <Filter>Header Files</Filter>
    </QtMoc>
    <QtMoc Include="ListWidgetEx.h">
      <Filter>Header Files</Filter>
    </QtMoc>
    <QtMoc Include="RemoteExecuteDialog.h">
      <Filter>Header Files</Filter>
    </QtMoc>
    <QtMoc Include="ImportFilterDialog.h">
      <Filter>Header Files</Filter>
    </QtMoc>
    <QtMoc Include="StartAppVarsDialog.h">
      <Filter>Header Files</Filter>
    </QtMoc>
  </ItemGroup>
  <ItemGroup>
    <QtRcc Include="pinholeconsole.qrc">
      <Filter>Resource Files</Filter>
    </QtRcc>
  </ItemGroup>
  <ItemGroup>
    <ResourceCompile Include="PinholeConsole.rc" />
  </ItemGroup>
  <ItemGroup>
    <ClInclude Include="HostItem.h">
      <Filter>Header Files</Filter>
    </ClInclude>
    <ClInclude Include="..\common\PinholeCommon.h">
      <Filter>Header Files</Filter>
    </ClInclude>
    <ClInclude Include="..\common\Utilities.h">
      <Filter>Header Files</Filter>
    </ClInclude>
    <ClInclude Include="Settings.h">
      <Filter>Header Files</Filter>
    </ClInclude>
    <ClInclude Include="Global.h">
      <Filter>Header Files</Filter>
    </ClInclude>
    <ClInclude Include="AspectRatioLabel.h">
      <Filter>Header Files</Filter>
    </ClInclude>
    <ClInclude Include="..\common\Version.h">
      <Filter>Header Files</Filter>
    </ClInclude>
    <ClInclude Include="HostConfigWidgetTab.h">
      <Filter>Header Files</Filter>
    </ClInclude>
    <ClInclude Include="GuiUtil.h">
      <Filter>Header Files</Filter>
    </ClInclude>
  </ItemGroup>
</Project>